
Microsoft Visual Studio Solution File, Format Version 12.00
# Visual Studio 15
VisualStudioVersion = 15.0.27004.2006
MinimumVisualStudioVersion = 10.0.40219.1
Project("{FAE04EC0-301F-11D3-BF4B-00C04F79EFBC}") = "0602static", "0602static\0602static.csproj", "{A63E4C41-FFEA-4B5E-B2D6-4284AA2C6602}"
EndProject
Global
	GlobalSection(SolutionConfigurationPlatforms) = preSolution
		Debug|Any CPU = Debug|Any CPU
		Release|Any CPU = Release|Any CPU
	EndGlobalSection
	GlobalSection(ProjectConfigurationPlatforms) = postSolution
		{A63E4C41-FFEA-4B5E-B2D6-4284AA2C6602}.Debug|Any CPU.ActiveCfg = Debug|Any CPU
		{A63E4C41-FFEA-4B5E-B2D6-4284AA2C6602}.Debug|Any CPU.Build.0 = Debug|Any CPU
		{A63E4C41-FFEA-4B5E-B2D6-4284AA2C6602}.Release|Any CPU.ActiveCfg = Release|Any CPU
		{A63E4C41-FFEA-4B5E-B2D6-4284AA2C6602}.Release|Any CPU.Build.0 = Release|Any CPU
	EndGlobalSection
	GlobalSection(SolutionProperties) = preSolution
		HideSolutionNode = FALSE
	EndGlobalSection
	GlobalSection(ExtensibilityGlobals) = postSolution
		SolutionGuid = {B60D290C-4097-4F73-B9A6-360FC38AE942}
	EndGlobalSection
EndGlobal
