
Microsoft Visual Studio Solution File, Format Version 12.00
# Visual Studio 15
VisualStudioVersion = 15.0.27004.2006
MinimumVisualStudioVersion = 10.0.40219.1
Project("{FAE04EC0-301F-11D3-BF4B-00C04F79EFBC}") = "HW0502", "HW0502\HW0502.csproj", "{F62454A3-CFC0-4990-87AB-39DE6A4810A7}"
EndProject
Global
	GlobalSection(SolutionConfigurationPlatforms) = preSolution
		Debug|Any CPU = Debug|Any CPU
		Release|Any CPU = Release|Any CPU
	EndGlobalSection
	GlobalSection(ProjectConfigurationPlatforms) = postSolution
		{F62454A3-CFC0-4990-87AB-39DE6A4810A7}.Debug|Any CPU.ActiveCfg = Debug|Any CPU
		{F62454A3-CFC0-4990-87AB-39DE6A4810A7}.Debug|Any CPU.Build.0 = Debug|Any CPU
		{F62454A3-CFC0-4990-87AB-39DE6A4810A7}.Release|Any CPU.ActiveCfg = Release|Any CPU
		{F62454A3-CFC0-4990-87AB-39DE6A4810A7}.Release|Any CPU.Build.0 = Release|Any CPU
	EndGlobalSection
	GlobalSection(SolutionProperties) = preSolution
		HideSolutionNode = FALSE
	EndGlobalSection
	GlobalSection(ExtensibilityGlobals) = postSolution
		SolutionGuid = {7BEE3CA4-23D7-4527-8ACC-47097D0F5AA0}
	EndGlobalSection
EndGlobal
